
Microsoft Visual Studio Solution File, Format Version 12.00
# Visual Studio Version 17
VisualStudioVersion = 17.0.31919.166
MinimumVisualStudioVersion = 10.0.40219.1
Project("{FAE04EC0-301F-11D3-BF4B-00C04F79EFBC}") = "Lab4", "Lab4\Lab4.csproj", "{D5E921C6-0478-49F6-9E9C-CE577D9BA170}"
EndProject
Global
	GlobalSection(SolutionConfigurationPlatforms) = preSolution
		Debug|Any CPU = Debug|Any CPU
		Release|Any CPU = Release|Any CPU
	EndGlobalSection
	GlobalSection(ProjectConfigurationPlatforms) = postSolution
		{D5E921C6-0478-49F6-9E9C-CE577D9BA170}.Debug|Any CPU.ActiveCfg = Debug|Any CPU
		{D5E921C6-0478-49F6-9E9C-CE577D9BA170}.Debug|Any CPU.Build.0 = Debug|Any CPU
		{D5E921C6-0478-49F6-9E9C-CE577D9BA170}.Release|Any CPU.ActiveCfg = Release|Any CPU
		{D5E921C6-0478-49F6-9E9C-CE577D9BA170}.Release|Any CPU.Build.0 = Release|Any CPU
	EndGlobalSection
	GlobalSection(SolutionProperties) = preSolution
		HideSolutionNode = FALSE
	EndGlobalSection
	GlobalSection(ExtensibilityGlobals) = postSolution
		SolutionGuid = {10FE8BE7-EB21-4326-930D-9DF75A777AC1}
	EndGlobalSection
EndGlobal
